lockfileVersion: '9.0'

settings:
  autoInstallPeers: true
  excludeLinksFromLockfile: false

importers:

  .:
    dependencies:
      dotenv:
        specifier: ^16.4.5
        version: 16.4.5
      ethers:
        specifier: ^6.13.1
        version: 6.13.1
      viem:
        specifier: ^2.16.0
        version: 2.16.0(typescript@5.5.2)
    devDependencies:
      '@types/node':
        specifier: ^20.14.7
        version: 20.14.7
      typescript:
        specifier: ^5.5.2
        version: 5.5.2

packages:

  '@adraffy/ens-normalize@1.10.0':
    resolution: {integrity: sha512-nA9XHtlAkYfJxY7bce8DcN7eKxWWCWkU+1GR9d+U6MbNpfwQp8TI7vqOsBsMcHoT4mBu2kypKoSKnghEzOOq5Q==}

  '@adraffy/ens-normalize@1.10.1':
    resolution: {integrity: sha512-96Z2IP3mYmF1Xg2cDm8f1gWGf/HUVedQ3FMifV4kG/PQ4yEP51xDtRAEfhVNt5f/uzpNkZHwWQuUcu6D6K+Ekw==}

  '@noble/curves@1.2.0':
    resolution: {integrity: sha512-oYclrNgRaM9SsBUBVbb8M6DTV7ZHRTKugureoYEncY5c65HOmRzvSiTE3y5CYaPYJA/GVkrhXEoF0M3Ya9PMnw==}

  '@noble/hashes@1.3.2':
    resolution: {integrity: sha512-MVC8EAQp7MvEcm30KWENFjgR+Mkmf+D189XJTkFIlwohU5hcBbn1ZkKq7KVTi2Hme3PMGF390DaL52beVrIihQ==}
    engines: {node: '>= 16'}

  '@scure/base@1.1.7':
    resolution: {integrity: sha512-PPNYBslrLNNUQ/Yad37MHYsNQtK67EhWb6WtSvNLLPo7SdVZgkUjD6Dg+5On7zNwmskf8OX7I7Nx5oN+MIWE0g==}

  '@scure/bip32@1.3.2':
    resolution: {integrity: sha512-N1ZhksgwD3OBlwTv3R6KFEcPojl/W4ElJOeCZdi+vuI5QmTFwLq3OFf2zd2ROpKvxFdgZ6hUpb0dx9bVNEwYCA==}

  '@scure/bip39@1.2.1':
    resolution: {integrity: sha512-Z3/Fsz1yr904dduJD0NpiyRHhRYHdcnyh73FZWiV+/qhWi83wNJ3NWolYqCEN+ZWsUz2TWwajJggcRE9r1zUYg==}

  '@types/node@18.15.13':
    resolution: {integrity: sha512-N+0kuo9KgrUQ1Sn/ifDXsvg0TTleP7rIy4zOBGECxAljqvqfqpTfzx0Q1NUedOixRMBfe2Whhb056a42cWs26Q==}

  '@types/node@20.14.7':
    resolution: {integrity: sha512-uTr2m2IbJJucF3KUxgnGOZvYbN0QgkGyWxG6973HCpMYFy2KfcgYuIwkJQMQkt1VbBMlvWRbpshFTLxnxCZjKQ==}

  abitype@1.0.4:
    resolution: {integrity: sha512-UivtYZOGJGE8rsrM/N5vdRkUpqEZVmuTumfTuolm7m/6O09wprd958rx8kUBwVAAAhQDveGAgD0GJdBuR8s6tw==}
    peerDependencies:
      typescript: '>=5.0.4'
      zod: ^3 >=3.22.0
    peerDependenciesMeta:
      typescript:
        optional: true
      zod:
        optional: true

  aes-js@4.0.0-beta.5:
    resolution: {integrity: sha512-G965FqalsNyrPqgEGON7nIx1e/OVENSgiEIzyC63haUMuvNnwIgIjMs52hlTCKhkBny7A2ORNlfY9Zu+jmGk1Q==}

  dotenv@16.4.5:
    resolution: {integrity: sha512-ZmdL2rui+eB2YwhsWzjInR8LldtZHGDoQ1ugH85ppHKwpUHL7j7rN0Ti9NCnGiQbhaZ11FpR+7ao1dNsmduNUg==}
    engines: {node: '>=12'}

  ethers@6.13.1:
    resolution: {integrity: sha512-hdJ2HOxg/xx97Lm9HdCWk949BfYqYWpyw4//78SiwOLgASyfrNszfMUNB2joKjvGUdwhHfaiMMFFwacVVoLR9A==}
    engines: {node: '>=14.0.0'}

  isows@1.0.4:
    resolution: {integrity: sha512-hEzjY+x9u9hPmBom9IIAqdJCwNLax+xrPb51vEPpERoFlIxgmZcHzsT5jKG06nvInKOBGvReAVz80Umed5CczQ==}
    peerDependencies:
      ws: '*'

  tslib@2.4.0:
    resolution: {integrity: sha512-d6xOpEDfsi2CZVlPQzGeux8XMwLT9hssAsaPYExaQMuYskwb+x1x7J371tWlbBdWHroy99KnVB6qIkUbs5X3UQ==}

  typescript@5.5.2:
    resolution: {integrity: sha512-NcRtPEOsPFFWjobJEtfihkLCZCXZt/os3zf8nTxjVH3RvTSxjrCamJpbExGvYOF+tFHc3pA65qpdwPbzjohhew==}
    engines: {node: '>=14.17'}
    hasBin: true

  undici-types@5.26.5:
    resolution: {integrity: sha512-JlCMO+ehdEIKqlFxk6IfVoAUVmgz7cU7zD/h9XZ0qzeosSHmUJVOzSQvvYSYWXkFXC+IfLKSIffhv0sVZup6pA==}

  viem@2.16.0:
    resolution: {integrity: sha512-qXakKfshaDOiQFgb3MgROKDa4bfr095GMUqrD2WN6UMdzH7WtlAYJ65vnrpoXpny9jXAyNoirEJeBBUF9KFNIQ==}
    peerDependencies:
      typescript: '>=5.0.4'
    peerDependenciesMeta:
      typescript:
        optional: true

  ws@8.17.1:
    resolution: {integrity: sha512-6XQFvXTkbfUOZOKKILFG1PDK2NDQs4azKQl26T0YS5CxqWLgXajbPZ+h4gZekJyRqFU8pvnbAbbs/3TgRPy+GQ==}
    engines: {node: '>=10.0.0'}
    peerDependencies:
      bufferutil: ^4.0.1
      utf-8-validate: '>=5.0.2'
    peerDependenciesMeta:
      bufferutil:
        optional: true
      utf-8-validate:
        optional: true

snapshots:

  '@adraffy/ens-normalize@1.10.0': {}

  '@adraffy/ens-normalize@1.10.1': {}

  '@noble/curves@1.2.0':
    dependencies:
      '@noble/hashes': 1.3.2

  '@noble/hashes@1.3.2': {}

  '@scure/base@1.1.7': {}

  '@scure/bip32@1.3.2':
    dependencies:
      '@noble/curves': 1.2.0
      '@noble/hashes': 1.3.2
      '@scure/base': 1.1.7

  '@scure/bip39@1.2.1':
    dependencies:
      '@noble/hashes': 1.3.2
      '@scure/base': 1.1.7

  '@types/node@18.15.13': {}

  '@types/node@20.14.7':
    dependencies:
      undici-types: 5.26.5

  abitype@1.0.4(typescript@5.5.2):
    optionalDependencies:
      typescript: 5.5.2

  aes-js@4.0.0-beta.5: {}

  dotenv@16.4.5: {}

  ethers@6.13.1:
    dependencies:
      '@adraffy/ens-normalize': 1.10.1
      '@noble/curves': 1.2.0
      '@noble/hashes': 1.3.2
      '@types/node': 18.15.13
      aes-js: 4.0.0-beta.5
      tslib: 2.4.0
      ws: 8.17.1
    transitivePeerDependencies:
      - bufferutil
      - utf-8-validate

  isows@1.0.4(ws@8.17.1):
    dependencies:
      ws: 8.17.1

  tslib@2.4.0: {}

  typescript@5.5.2: {}

  undici-types@5.26.5: {}

  viem@2.16.0(typescript@5.5.2):
    dependencies:
      '@adraffy/ens-normalize': 1.10.0
      '@noble/curves': 1.2.0
      '@noble/hashes': 1.3.2
      '@scure/bip32': 1.3.2
      '@scure/bip39': 1.2.1
      abitype: 1.0.4(typescript@5.5.2)
      isows: 1.0.4(ws@8.17.1)
      ws: 8.17.1
    optionalDependencies:
      typescript: 5.5.2
    transitivePeerDependencies:
      - bufferutil
      - utf-8-validate
      - zod

  ws@8.17.1: {}
